
Microsoft Visual Studio Solution File, Format Version 12.00
# Visual Studio Version 17
VisualStudioVersion = 17.12.35707.178
MinimumVisualStudioVersion = 10.0.40219.1
Project("{FAE04EC0-301F-11D3-BF4B-00C04F79EFBC}") = "Restaurant.RestApi", "Restaurant.RestApi\Restaurant.RestApi.csproj", "{487BD6F3-E7E1-4367-9A6F-A4EE56857787}"
EndProject
Project("{FAE04EC0-301F-11D3-BF4B-00C04F79EFBC}") = "Restaurant.RestApi.Tests", "Restaurant.RestApi.Tests\Restaurant.RestApi.Tests.csproj", "{18BD6823-53AE-4B29-AD5C-C4628622A9DC}"
EndProject
Project("{2150E333-8FDC-42A3-9474-1A3956D46DE8}") = "Solution Items", "Solution Items", "{CDDD8740-6959-4E8D-88EC-AD8019BA0E86}"
	ProjectSection(SolutionItems) = preProject
		.editorconfig = .editorconfig
		Directory.Build.props = Directory.Build.props
	EndProjectSection
EndProject
Project("{FAE04EC0-301F-11D3-BF4B-00C04F79EFBC}") = "Restaurant.RestApi.SqlIntegrationTests", "Restaurant.RestApi.SqlIntegrationTests\Restaurant.RestApi.SqlIntegrationTests.csproj", "{5F19BE5A-0B6B-4391-AB90-56C32393B84E}"
EndProject
Global
	GlobalSection(SolutionConfigurationPlatforms) = preSolution
		Debug|Any CPU = Debug|Any CPU
		Release|Any CPU = Release|Any CPU
	EndGlobalSection
	GlobalSection(ProjectConfigurationPlatforms) = postSolution
		{487BD6F3-E7E1-4367-9A6F-A4EE56857787}.Debug|Any CPU.ActiveCfg = Debug|Any CPU
		{487BD6F3-E7E1-4367-9A6F-A4EE56857787}.Debug|Any CPU.Build.0 = Debug|Any CPU
		{487BD6F3-E7E1-4367-9A6F-A4EE56857787}.Release|Any CPU.ActiveCfg = Release|Any CPU
		{487BD6F3-E7E1-4367-9A6F-A4EE56857787}.Release|Any CPU.Build.0 = Release|Any CPU
		{18BD6823-53AE-4B29-AD5C-C4628622A9DC}.Debug|Any CPU.ActiveCfg = Debug|Any CPU
		{18BD6823-53AE-4B29-AD5C-C4628622A9DC}.Debug|Any CPU.Build.0 = Debug|Any CPU
		{18BD6823-53AE-4B29-AD5C-C4628622A9DC}.Release|Any CPU.ActiveCfg = Release|Any CPU
		{18BD6823-53AE-4B29-AD5C-C4628622A9DC}.Release|Any CPU.Build.0 = Release|Any CPU
		{5F19BE5A-0B6B-4391-AB90-56C32393B84E}.Debug|Any CPU.ActiveCfg = Debug|Any CPU
		{5F19BE5A-0B6B-4391-AB90-56C32393B84E}.Debug|Any CPU.Build.0 = Debug|Any CPU
		{5F19BE5A-0B6B-4391-AB90-56C32393B84E}.Release|Any CPU.ActiveCfg = Release|Any CPU
		{5F19BE5A-0B6B-4391-AB90-56C32393B84E}.Release|Any CPU.Build.0 = Release|Any CPU
	EndGlobalSection
	GlobalSection(SolutionProperties) = preSolution
		HideSolutionNode = FALSE
	EndGlobalSection
EndGlobal
